<?xml version="1.0" encoding="utf-8"?>
<Project ToolsVersion="4.0" xmlns="http://schemas.microsoft.com/developer/msbuild/2003">
  <ItemGroup>
    <Filter Include="Source Files">
      <UniqueIdentifier>{4FC737F1-C7A5-4376-A066-2A32D752A2FF}</UniqueIdentifier>
      <Extensions>cpp;c;cc;cxx;c++;cppm;ixx;def;odl;idl;hpj;bat;asm;asmx</Extensions>
    </Filter>
    <Filter Include="Header Files">
      <UniqueIdentifier>{93995380-89BD-4b04-88EB-625FBE52EBFB}</UniqueIdentifier>
      <Extensions>h;hh;hpp;hxx;h++;hm;inl;inc;ipp;xsd</Extensions>
    </Filter>
    <Filter Include="Resource Files">
      <UniqueIdentifier>{67DA6AB6-F800-4c08-8B7A-83BB121AAD01}</UniqueIdentifier>
      <Extensions>rc;ico;cur;bmp;dlg;rc2;rct;bin;rgs;gif;jpg;jpeg;jpe;resx;tiff;tif;png;wav;mfcribbon-ms</Extensions>
    </Filter>
    <Filter Include="Shaders">
      <UniqueIdentifier>{59a3d91b-bf1d-4ae0-877e-08572a2dd495}</UniqueIdentifier>
    </Filter>
    <Filter Include="imgui">
      <UniqueIdentifier>{74a3f9fe-3344-4a69-960f-4a0ab379f48a}</UniqueIdentifier>
    </Filter>
    <Filter Include="imgui\backends">
      <UniqueIdentifier>{417f7a5f-2f0d-4d96-88c1-530e2d6b0510}</UniqueIdentifier>
    </Filter>
    <Filter Include="imgui\file dialog">
      <UniqueIdentifier>{438a5a8f-d206-4d2a-a92f-db7677026edd}</UniqueIdentifier>
    </Filter>
    <Filter Include="imgui\imgui">
      <UniqueIdentifier>{04d4406b-36ee-4de5-971c-e5f3a72d1871}</UniqueIdentifier>
    </Filter>
    <Filter Include="tinygltf">
      <UniqueIdentifier>{6a666de4-b763-4979-8178-235724b72cbf}</UniqueIdentifier>
    </Filter>
  </ItemGroup>
  <ItemGroup>
    <ClInclude Include="framework.h">
      <Filter>Header Files</Filter>
    </ClInclude>
    <ClInclude Include="targetver.h">
      <Filter>Header Files</Filter>
    </ClInclude>
    <ClInclude Include="Resource.h">
      <Filter>Header Files</Filter>
    </ClInclude>
    <ClInclude Include="Game.h">
      <Filter>Header Files</Filter>
    </ClInclude>
    <ClInclude Include="Renderer.h">
      <Filter>Source Files</Filter>
    </ClInclude>
    <ClInclude Include="UIRenderer.h">
      <Filter>Source Files</Filter>
    </ClInclude>
    <ClInclude Include="..\Utils\imgui\backends\imgui_impl_win32.h">
      <Filter>imgui\backends</Filter>
    </ClInclude>
    <ClInclude Include="..\Utils\imgui\backends\imgui_impl_vulkan.h">
      <Filter>imgui\backends</Filter>
    </ClInclude>
    <ClInclude Include="..\Utils\ImGuiFileDialog\ImGuiFileDialogConfig.h">
      <Filter>imgui\file dialog</Filter>
    </ClInclude>
    <ClInclude Include="..\Utils\ImGuiFileDialog\ImGuiFileDialog.h">
      <Filter>imgui\file dialog</Filter>
    </ClInclude>
    <ClInclude Include="..\Utils\imgui\imconfig.h">
      <Filter>imgui\imgui</Filter>
    </ClInclude>
    <ClInclude Include="..\Utils\imgui\imgui.h">
      <Filter>imgui\imgui</Filter>
    </ClInclude>
    <ClInclude Include="..\Utils\imgui\imgui_internal.h">
      <Filter>imgui\imgui</Filter>
    </ClInclude>
    <ClInclude Include="VolumeRenderer.h">
      <Filter>Source Files</Filter>
    </ClInclude>
    <ClInclude Include="ShaderReflection.h">
      <Filter>Source Files</Filter>
    </ClInclude>
    <ClInclude Include="Model.h">
      <Filter>Source Files</Filter>
    </ClInclude>
    <ClInclude Include="MeshRenderer.h">
      <Filter>Source Files</Filter>
    </ClInclude>
    <ClInclude Include="..\Utils\tinygltf\stb_image_write.h">
      <Filter>tinygltf</Filter>
    </ClInclude>
    <ClInclude Include="..\Utils\tinygltf\tiny_gltf.h">
      <Filter>tinygltf</Filter>
    </ClInclude>
    <ClInclude Include="..\Utils\tinygltf\json.hpp">
      <Filter>tinygltf</Filter>
    </ClInclude>
    <ClInclude Include="..\Utils\tinygltf\stb_image.h">
      <Filter>tinygltf</Filter>
    </ClInclude>
  </ItemGroup>
  <ItemGroup>
    <ClCompile Include="Game.cpp">
      <Filter>Source Files</Filter>
    </ClCompile>
    <ClCompile Include="UIRenderer.cpp">
      <Filter>Source Files</Filter>
    </ClCompile>
    <ClCompile Include="..\Utils\imgui\backends\imgui_impl_vulkan.cpp">
      <Filter>imgui\backends</Filter>
    </ClCompile>
    <ClCompile Include="..\Utils\imgui\backends\imgui_impl_win32.cpp">
      <Filter>imgui\backends</Filter>
    </ClCompile>
    <ClCompile Include="..\Utils\ImGuiFileDialog\ImGuiFileDialog.cpp">
      <Filter>imgui\file dialog</Filter>
    </ClCompile>
    <ClCompile Include="..\Utils\imgui\imgui_widgets.cpp">
      <Filter>imgui\imgui</Filter>
    </ClCompile>
    <ClCompile Include="..\Utils\imgui\imgui.cpp">
      <Filter>imgui\imgui</Filter>
    </ClCompile>
    <ClCompile Include="..\Utils\imgui\imgui_demo.cpp">
      <Filter>imgui\imgui</Filter>
    </ClCompile>
    <ClCompile Include="..\Utils\imgui\imgui_draw.cpp">
      <Filter>imgui\imgui</Filter>
    </ClCompile>
    <ClCompile Include="..\Utils\imgui\imgui_tables.cpp">
      <Filter>imgui\imgui</Filter>
    </ClCompile>
    <ClCompile Include="VolumeRenderer.cpp">
      <Filter>Source Files</Filter>
    </ClCompile>
    <ClCompile Include="MeshRenderer.cpp">
      <Filter>Source Files</Filter>
    </ClCompile>
    <ClCompile Include="Model.cpp">
      <Filter>Source Files</Filter>
    </ClCompile>
    <ClCompile Include="..\Utils\tinygltf\tiny_gltf.cc">
      <Filter>tinygltf</Filter>
    </ClCompile>
    <ClCompile Include="Renderer.cpp">
      <Filter>Source Files</Filter>
    </ClCompile>
  </ItemGroup>
  <ItemGroup>
    <ResourceCompile Include="Game.rc">
      <Filter>Resource Files</Filter>
    </ResourceCompile>
  </ItemGroup>
  <ItemGroup>
    <Image Include="small.ico">
      <Filter>Resource Files</Filter>
    </Image>
    <Image Include="Game.ico">
      <Filter>Resource Files</Filter>
    </Image>
  </ItemGroup>
  <ItemGroup>
    <None Include="Resources\Shaders\voxel_depth_layer.comp">
      <Filter>Shaders</Filter>
    </None>
    <None Include="Resources\Shaders\bvh_aabb_raycast.comp">
      <Filter>Shaders</Filter>
    </None>
    <None Include="Resources\Shaders\compileshaders.py">
      <Filter>Shaders</Filter>
    </None>
    <None Include="Resources\Shaders\sample.frag">
      <Filter>Shaders</Filter>
    </None>
    <None Include="Resources\Shaders\sample.vert">
      <Filter>Shaders</Filter>
    </None>
    <None Include="Resources\Shaders\sample_notex.frag">
      <Filter>Shaders</Filter>
    </None>
    <None Include="Resources\Shaders\sample_notex.vert">
      <Filter>Shaders</Filter>
    </None>
    <None Include="Resources\Shaders\voxel_depth_clear.comp">
      <Filter>Shaders</Filter>
    </None>
    <None Include="Resources\Shaders\blit.vert">
      <Filter>Shaders</Filter>
    </None>
    <None Include="Resources\Shaders\blit.frag">
      <Filter>Shaders</Filter>
    </None>
    <None Include="Resources\Shaders\voxel_depth_iteration.comp">
      <Filter>Shaders</Filter>
    </None>
  </ItemGroup>
</Project>