
Microsoft Visual Studio Solution File, Format Version 12.00
# Visual Studio Version 17
VisualStudioVersion = 17.7.34031.279
MinimumVisualStudioVersion = 10.0.40219.1
Project("{8BC9CEB8-8B4A-11D0-8D11-00A0C91BC942}") = "Core", "Core\Core.vcxproj", "{3ADF360F-DD2E-40E9-8901-989C7BF852AF}"
EndProject
Project("{8BC9CEB8-8B4A-11D0-8D11-00A0C91BC942}") = "Game", "Game\Game.vcxproj", "{14162383-477E-4EE2-A2C8-828493DC9AF6}"
EndProject
Project("{2150E333-8FDC-42A3-9474-1A3956D46DE8}") = "Solution Files", "Solution Files", "{385AE186-DC0E-4BF4-999B-83F4C37E3189}"
	ProjectSection(SolutionItems) = preProject
		.editorconfig = .editorconfig
		.gitattributes = .gitattributes
		.gitignore = .gitignore
	EndProjectSection
EndProject
Project("{2150E333-8FDC-42A3-9474-1A3956D46DE8}") = "dependencies", "dependencies", "{8F51D32B-3540-4561-9315-52FA6B05C80B}"
EndProject
Project("{8BC9CEB8-8B4A-11D0-8D11-00A0C91BC942}") = "DKWrapper", "Core\Libs\dkwrapper\dkwrapper.vcxproj", "{A33A3E37-DB93-409B-B048-D6FEC2687C83}"
EndProject
Project("{8BC9CEB8-8B4A-11D0-8D11-00A0C91BC942}") = "jpeg", "Core\Libs\jpeg\jpeg.vcxproj", "{14A8F070-3686-4FEB-A9D1-D53863284E66}"
EndProject
Project("{8BC9CEB8-8B4A-11D0-8D11-00A0C91BC942}") = "libFLAC", "Core\Libs\libFLAC\libFLAC.vcxproj", "{E249EACC-8B3E-4821-ABBB-41523CBA37F3}"
EndProject
Project("{8BC9CEB8-8B4A-11D0-8D11-00A0C91BC942}") = "libogg", "Core\Libs\libogg\libogg.vcxproj", "{F13D2B17-37EC-4B17-9249-69E0D548AE8E}"
EndProject
Project("{8BC9CEB8-8B4A-11D0-8D11-00A0C91BC942}") = "libpng", "Core\Libs\libpng\libpng.vcxproj", "{2DE1CFD9-3A96-4E7C-9A8F-974F360FE4FB}"
EndProject
Project("{8BC9CEB8-8B4A-11D0-8D11-00A0C91BC942}") = "libvorbis", "Core\Libs\libvorbis\libvorbis.vcxproj", "{DA803255-CD66-45BB-8B88-8273DC0F69CB}"
EndProject
Project("{8BC9CEB8-8B4A-11D0-8D11-00A0C91BC942}") = "lz4", "Core\Libs\lz4\lz4.vcxproj", "{14491DB2-9478-48D6-96B7-D21EF84E635F}"
EndProject
Project("{8BC9CEB8-8B4A-11D0-8D11-00A0C91BC942}") = "lzma", "Core\Libs\lzma\lzma.vcxproj", "{160DCBCF-608F-4297-BDFF-24BDF8E27E6D}"
EndProject
Project("{8BC9CEB8-8B4A-11D0-8D11-00A0C91BC942}") = "OpenAL", "Core\Libs\OpenAL\OpenAL.vcxproj", "{6F7CCFDE-9567-4F43-B6E0-754D17B6B5D8}"
EndProject
Project("{8BC9CEB8-8B4A-11D0-8D11-00A0C91BC942}") = "SPIRV-Cross", "Core\Libs\SPIRV-Cross\SPIRV-Cross.vcxproj", "{CF7066A3-B371-49B7-B2B1-BF48795AFD6A}"
EndProject
Project("{8BC9CEB8-8B4A-11D0-8D11-00A0C91BC942}") = "zlib", "Core\Libs\zlib\zlib.vcxproj", "{23F15BA1-8CF8-4A96-978B-F04FCB7A4A4C}"
EndProject
Project("{8BC9CEB8-8B4A-11D0-8D11-00A0C91BC942}") = "zstd", "Core\Libs\zstd\zstd.vcxproj", "{D7C276A8-02D8-49DD-B5A6-2D016EE17EB2}"
EndProject
Global
	GlobalSection(SolutionConfigurationPlatforms) = preSolution
		Debug|x64 = Debug|x64
		Debug|x86 = Debug|x86
		Release|x64 = Release|x64
		Release|x86 = Release|x86
	EndGlobalSection
	GlobalSection(ProjectConfigurationPlatforms) = postSolution
		{3ADF360F-DD2E-40E9-8901-989C7BF852AF}.Debug|x64.ActiveCfg = Debug|x64
		{3ADF360F-DD2E-40E9-8901-989C7BF852AF}.Debug|x64.Build.0 = Debug|x64
		{3ADF360F-DD2E-40E9-8901-989C7BF852AF}.Debug|x86.ActiveCfg = Debug|Win32
		{3ADF360F-DD2E-40E9-8901-989C7BF852AF}.Debug|x86.Build.0 = Debug|Win32
		{3ADF360F-DD2E-40E9-8901-989C7BF852AF}.Release|x64.ActiveCfg = Release|x64
		{3ADF360F-DD2E-40E9-8901-989C7BF852AF}.Release|x64.Build.0 = Release|x64
		{3ADF360F-DD2E-40E9-8901-989C7BF852AF}.Release|x86.ActiveCfg = Release|Win32
		{3ADF360F-DD2E-40E9-8901-989C7BF852AF}.Release|x86.Build.0 = Release|Win32
		{14162383-477E-4EE2-A2C8-828493DC9AF6}.Debug|x64.ActiveCfg = Debug|x64
		{14162383-477E-4EE2-A2C8-828493DC9AF6}.Debug|x64.Build.0 = Debug|x64
		{14162383-477E-4EE2-A2C8-828493DC9AF6}.Debug|x86.ActiveCfg = Debug|Win32
		{14162383-477E-4EE2-A2C8-828493DC9AF6}.Debug|x86.Build.0 = Debug|Win32
		{14162383-477E-4EE2-A2C8-828493DC9AF6}.Release|x64.ActiveCfg = Release|x64
		{14162383-477E-4EE2-A2C8-828493DC9AF6}.Release|x64.Build.0 = Release|x64
		{14162383-477E-4EE2-A2C8-828493DC9AF6}.Release|x86.ActiveCfg = Release|Win32
		{14162383-477E-4EE2-A2C8-828493DC9AF6}.Release|x86.Build.0 = Release|Win32
		{A33A3E37-DB93-409B-B048-D6FEC2687C83}.Debug|x64.ActiveCfg = Debug|x64
		{A33A3E37-DB93-409B-B048-D6FEC2687C83}.Debug|x64.Build.0 = Debug|x64
		{A33A3E37-DB93-409B-B048-D6FEC2687C83}.Debug|x86.ActiveCfg = Debug|Win32
		{A33A3E37-DB93-409B-B048-D6FEC2687C83}.Debug|x86.Build.0 = Debug|Win32
		{A33A3E37-DB93-409B-B048-D6FEC2687C83}.Release|x64.ActiveCfg = Release|x64
		{A33A3E37-DB93-409B-B048-D6FEC2687C83}.Release|x64.Build.0 = Release|x64
		{A33A3E37-DB93-409B-B048-D6FEC2687C83}.Release|x86.ActiveCfg = Release|Win32
		{A33A3E37-DB93-409B-B048-D6FEC2687C83}.Release|x86.Build.0 = Release|Win32
		{14A8F070-3686-4FEB-A9D1-D53863284E66}.Debug|x64.ActiveCfg = Debug|x64
		{14A8F070-3686-4FEB-A9D1-D53863284E66}.Debug|x64.Build.0 = Debug|x64
		{14A8F070-3686-4FEB-A9D1-D53863284E66}.Debug|x86.ActiveCfg = Debug|Win32
		{14A8F070-3686-4FEB-A9D1-D53863284E66}.Debug|x86.Build.0 = Debug|Win32
		{14A8F070-3686-4FEB-A9D1-D53863284E66}.Release|x64.ActiveCfg = Release|x64
		{14A8F070-3686-4FEB-A9D1-D53863284E66}.Release|x64.Build.0 = Release|x64
		{14A8F070-3686-4FEB-A9D1-D53863284E66}.Release|x86.ActiveCfg = Release|Win32
		{14A8F070-3686-4FEB-A9D1-D53863284E66}.Release|x86.Build.0 = Release|Win32
		{E249EACC-8B3E-4821-ABBB-41523CBA37F3}.Debug|x64.ActiveCfg = Debug|x64
		{E249EACC-8B3E-4821-ABBB-41523CBA37F3}.Debug|x64.Build.0 = Debug|x64
		{E249EACC-8B3E-4821-ABBB-41523CBA37F3}.Debug|x86.ActiveCfg = Debug|Win32
		{E249EACC-8B3E-4821-ABBB-41523CBA37F3}.Debug|x86.Build.0 = Debug|Win32
		{E249EACC-8B3E-4821-ABBB-41523CBA37F3}.Release|x64.ActiveCfg = Release|x64
		{E249EACC-8B3E-4821-ABBB-41523CBA37F3}.Release|x64.Build.0 = Release|x64
		{E249EACC-8B3E-4821-ABBB-41523CBA37F3}.Release|x86.ActiveCfg = Release|Win32
		{E249EACC-8B3E-4821-ABBB-41523CBA37F3}.Release|x86.Build.0 = Release|Win32
		{F13D2B17-37EC-4B17-9249-69E0D548AE8E}.Debug|x64.ActiveCfg = Debug|x64
		{F13D2B17-37EC-4B17-9249-69E0D548AE8E}.Debug|x64.Build.0 = Debug|x64
		{F13D2B17-37EC-4B17-9249-69E0D548AE8E}.Debug|x86.ActiveCfg = Debug|Win32
		{F13D2B17-37EC-4B17-9249-69E0D548AE8E}.Debug|x86.Build.0 = Debug|Win32
		{F13D2B17-37EC-4B17-9249-69E0D548AE8E}.Release|x64.ActiveCfg = Release|x64
		{F13D2B17-37EC-4B17-9249-69E0D548AE8E}.Release|x64.Build.0 = Release|x64
		{F13D2B17-37EC-4B17-9249-69E0D548AE8E}.Release|x86.ActiveCfg = Release|Win32
		{F13D2B17-37EC-4B17-9249-69E0D548AE8E}.Release|x86.Build.0 = Release|Win32
		{2DE1CFD9-3A96-4E7C-9A8F-974F360FE4FB}.Debug|x64.ActiveCfg = Debug|x64
		{2DE1CFD9-3A96-4E7C-9A8F-974F360FE4FB}.Debug|x64.Build.0 = Debug|x64
		{2DE1CFD9-3A96-4E7C-9A8F-974F360FE4FB}.Debug|x86.ActiveCfg = Debug|Win32
		{2DE1CFD9-3A96-4E7C-9A8F-974F360FE4FB}.Debug|x86.Build.0 = Debug|Win32
		{2DE1CFD9-3A96-4E7C-9A8F-974F360FE4FB}.Release|x64.ActiveCfg = Release|x64
		{2DE1CFD9-3A96-4E7C-9A8F-974F360FE4FB}.Release|x64.Build.0 = Release|x64
		{2DE1CFD9-3A96-4E7C-9A8F-974F360FE4FB}.Release|x86.ActiveCfg = Release|Win32
		{2DE1CFD9-3A96-4E7C-9A8F-974F360FE4FB}.Release|x86.Build.0 = Release|Win32
		{DA803255-CD66-45BB-8B88-8273DC0F69CB}.Debug|x64.ActiveCfg = Debug|x64
		{DA803255-CD66-45BB-8B88-8273DC0F69CB}.Debug|x64.Build.0 = Debug|x64
		{DA803255-CD66-45BB-8B88-8273DC0F69CB}.Debug|x86.ActiveCfg = Debug|Win32
		{DA803255-CD66-45BB-8B88-8273DC0F69CB}.Debug|x86.Build.0 = Debug|Win32
		{DA803255-CD66-45BB-8B88-8273DC0F69CB}.Release|x64.ActiveCfg = Release|x64
		{DA803255-CD66-45BB-8B88-8273DC0F69CB}.Release|x64.Build.0 = Release|x64
		{DA803255-CD66-45BB-8B88-8273DC0F69CB}.Release|x86.ActiveCfg = Release|Win32
		{DA803255-CD66-45BB-8B88-8273DC0F69CB}.Release|x86.Build.0 = Release|Win32
		{14491DB2-9478-48D6-96B7-D21EF84E635F}.Debug|x64.ActiveCfg = Debug|x64
		{14491DB2-9478-48D6-96B7-D21EF84E635F}.Debug|x64.Build.0 = Debug|x64
		{14491DB2-9478-48D6-96B7-D21EF84E635F}.Debug|x86.ActiveCfg = Debug|Win32
		{14491DB2-9478-48D6-96B7-D21EF84E635F}.Debug|x86.Build.0 = Debug|Win32
		{14491DB2-9478-48D6-96B7-D21EF84E635F}.Release|x64.ActiveCfg = Release|x64
		{14491DB2-9478-48D6-96B7-D21EF84E635F}.Release|x64.Build.0 = Release|x64
		{14491DB2-9478-48D6-96B7-D21EF84E635F}.Release|x86.ActiveCfg = Release|Win32
		{14491DB2-9478-48D6-96B7-D21EF84E635F}.Release|x86.Build.0 = Release|Win32
		{160DCBCF-608F-4297-BDFF-24BDF8E27E6D}.Debug|x64.ActiveCfg = Debug|x64
		{160DCBCF-608F-4297-BDFF-24BDF8E27E6D}.Debug|x64.Build.0 = Debug|x64
		{160DCBCF-608F-4297-BDFF-24BDF8E27E6D}.Debug|x86.ActiveCfg = Debug|Win32
		{160DCBCF-608F-4297-BDFF-24BDF8E27E6D}.Debug|x86.Build.0 = Debug|Win32
		{160DCBCF-608F-4297-BDFF-24BDF8E27E6D}.Release|x64.ActiveCfg = Release|x64
		{160DCBCF-608F-4297-BDFF-24BDF8E27E6D}.Release|x64.Build.0 = Release|x64
		{160DCBCF-608F-4297-BDFF-24BDF8E27E6D}.Release|x86.ActiveCfg = Release|Win32
		{160DCBCF-608F-4297-BDFF-24BDF8E27E6D}.Release|x86.Build.0 = Release|Win32
		{6F7CCFDE-9567-4F43-B6E0-754D17B6B5D8}.Debug|x64.ActiveCfg = Debug|x64
		{6F7CCFDE-9567-4F43-B6E0-754D17B6B5D8}.Debug|x64.Build.0 = Debug|x64
		{6F7CCFDE-9567-4F43-B6E0-754D17B6B5D8}.Debug|x86.ActiveCfg = Debug|Win32
		{6F7CCFDE-9567-4F43-B6E0-754D17B6B5D8}.Debug|x86.Build.0 = Debug|Win32
		{6F7CCFDE-9567-4F43-B6E0-754D17B6B5D8}.Release|x64.ActiveCfg = Release|x64
		{6F7CCFDE-9567-4F43-B6E0-754D17B6B5D8}.Release|x64.Build.0 = Release|x64
		{6F7CCFDE-9567-4F43-B6E0-754D17B6B5D8}.Release|x86.ActiveCfg = Release|Win32
		{6F7CCFDE-9567-4F43-B6E0-754D17B6B5D8}.Release|x86.Build.0 = Release|Win32
		{CF7066A3-B371-49B7-B2B1-BF48795AFD6A}.Debug|x64.ActiveCfg = Debug|x64
		{CF7066A3-B371-49B7-B2B1-BF48795AFD6A}.Debug|x64.Build.0 = Debug|x64
		{CF7066A3-B371-49B7-B2B1-BF48795AFD6A}.Debug|x86.ActiveCfg = Debug|Win32
		{CF7066A3-B371-49B7-B2B1-BF48795AFD6A}.Debug|x86.Build.0 = Debug|Win32
		{CF7066A3-B371-49B7-B2B1-BF48795AFD6A}.Release|x64.ActiveCfg = Release|x64
		{CF7066A3-B371-49B7-B2B1-BF48795AFD6A}.Release|x64.Build.0 = Release|x64
		{CF7066A3-B371-49B7-B2B1-BF48795AFD6A}.Release|x86.ActiveCfg = Release|Win32
		{CF7066A3-B371-49B7-B2B1-BF48795AFD6A}.Release|x86.Build.0 = Release|Win32
		{23F15BA1-8CF8-4A96-978B-F04FCB7A4A4C}.Debug|x64.ActiveCfg = Debug|x64
		{23F15BA1-8CF8-4A96-978B-F04FCB7A4A4C}.Debug|x64.Build.0 = Debug|x64
		{23F15BA1-8CF8-4A96-978B-F04FCB7A4A4C}.Debug|x86.ActiveCfg = Debug|Win32
		{23F15BA1-8CF8-4A96-978B-F04FCB7A4A4C}.Debug|x86.Build.0 = Debug|Win32
		{23F15BA1-8CF8-4A96-978B-F04FCB7A4A4C}.Release|x64.ActiveCfg = Release|x64
		{23F15BA1-8CF8-4A96-978B-F04FCB7A4A4C}.Release|x64.Build.0 = Release|x64
		{23F15BA1-8CF8-4A96-978B-F04FCB7A4A4C}.Release|x86.ActiveCfg = Release|Win32
		{23F15BA1-8CF8-4A96-978B-F04FCB7A4A4C}.Release|x86.Build.0 = Release|Win32
		{D7C276A8-02D8-49DD-B5A6-2D016EE17EB2}.Debug|x64.ActiveCfg = Debug|x64
		{D7C276A8-02D8-49DD-B5A6-2D016EE17EB2}.Debug|x64.Build.0 = Debug|x64
		{D7C276A8-02D8-49DD-B5A6-2D016EE17EB2}.Debug|x86.ActiveCfg = Debug|Win32
		{D7C276A8-02D8-49DD-B5A6-2D016EE17EB2}.Debug|x86.Build.0 = Debug|Win32
		{D7C276A8-02D8-49DD-B5A6-2D016EE17EB2}.Release|x64.ActiveCfg = Release|x64
		{D7C276A8-02D8-49DD-B5A6-2D016EE17EB2}.Release|x64.Build.0 = Release|x64
		{D7C276A8-02D8-49DD-B5A6-2D016EE17EB2}.Release|x86.ActiveCfg = Release|Win32
		{D7C276A8-02D8-49DD-B5A6-2D016EE17EB2}.Release|x86.Build.0 = Release|Win32
	EndGlobalSection
	GlobalSection(SolutionProperties) = preSolution
		HideSolutionNode = FALSE
	EndGlobalSection
	GlobalSection(NestedProjects) = preSolution
		{A33A3E37-DB93-409B-B048-D6FEC2687C83} = {8F51D32B-3540-4561-9315-52FA6B05C80B}
		{14A8F070-3686-4FEB-A9D1-D53863284E66} = {8F51D32B-3540-4561-9315-52FA6B05C80B}
		{E249EACC-8B3E-4821-ABBB-41523CBA37F3} = {8F51D32B-3540-4561-9315-52FA6B05C80B}
		{F13D2B17-37EC-4B17-9249-69E0D548AE8E} = {8F51D32B-3540-4561-9315-52FA6B05C80B}
		{2DE1CFD9-3A96-4E7C-9A8F-974F360FE4FB} = {8F51D32B-3540-4561-9315-52FA6B05C80B}
		{DA803255-CD66-45BB-8B88-8273DC0F69CB} = {8F51D32B-3540-4561-9315-52FA6B05C80B}
		{14491DB2-9478-48D6-96B7-D21EF84E635F} = {8F51D32B-3540-4561-9315-52FA6B05C80B}
		{160DCBCF-608F-4297-BDFF-24BDF8E27E6D} = {8F51D32B-3540-4561-9315-52FA6B05C80B}
		{6F7CCFDE-9567-4F43-B6E0-754D17B6B5D8} = {8F51D32B-3540-4561-9315-52FA6B05C80B}
		{CF7066A3-B371-49B7-B2B1-BF48795AFD6A} = {8F51D32B-3540-4561-9315-52FA6B05C80B}
		{23F15BA1-8CF8-4A96-978B-F04FCB7A4A4C} = {8F51D32B-3540-4561-9315-52FA6B05C80B}
		{D7C276A8-02D8-49DD-B5A6-2D016EE17EB2} = {8F51D32B-3540-4561-9315-52FA6B05C80B}
	EndGlobalSection
	GlobalSection(ExtensibilityGlobals) = postSolution
		SolutionGuid = {6BA7C260-9B51-4454-907D-A2B8F4F0337B}
	EndGlobalSection
EndGlobal
