<?xml version="1.0" encoding="utf-8"?>
<Project ToolsVersion="4.0" xmlns="http://schemas.microsoft.com/developer/msbuild/2003">
  <ItemGroup>
    <ClCompile Include="DKCompression.cpp">
      <Filter>Source Files</Filter>
    </ClCompile>
    <ClCompile Include="DKImage.cpp">
      <Filter>Source Files</Filter>
    </ClCompile>
    <ClCompile Include="DKAudioStream.cpp">
      <Filter>Source Files</Filter>
    </ClCompile>
    <ClCompile Include="DKAudioStreamFLAC.cpp">
      <Filter>Source Files</Filter>
    </ClCompile>
    <ClCompile Include="DKAudioStreamMP3.cpp">
      <Filter>Source Files</Filter>
    </ClCompile>
    <ClCompile Include="DKAudioStreamVorbis.cpp">
      <Filter>Source Files</Filter>
    </ClCompile>
    <ClCompile Include="DKAudioStreamWave.cpp">
      <Filter>Source Files</Filter>
    </ClCompile>
  </ItemGroup>
  <ItemGroup>
    <ClInclude Include="DKCompression.h">
      <Filter>Source Files</Filter>
    </ClInclude>
    <ClInclude Include="DKImage.h">
      <Filter>Source Files</Filter>
    </ClInclude>
    <ClInclude Include="DKEndianness.h">
      <Filter>Source Files</Filter>
    </ClInclude>
    <ClInclude Include="DKLog.h">
      <Filter>Source Files</Filter>
    </ClInclude>
    <ClInclude Include="DKMalloc.h">
      <Filter>Source Files</Filter>
    </ClInclude>
    <ClInclude Include="DKStream.h">
      <Filter>Source Files</Filter>
    </ClInclude>
    <ClInclude Include="DKAudioStream.h">
      <Filter>Source Files</Filter>
    </ClInclude>
  </ItemGroup>
  <ItemGroup>
    <Filter Include="Source Files">
      <UniqueIdentifier>{2e6c959d-cb67-41a7-a825-69f4b1065041}</UniqueIdentifier>
    </Filter>
  </ItemGroup>
</Project>